{
  "name": "case2",
  "version": "1.0.0",
  "lockfileVersion": 2,
  "requires": true,
  "packages": {
    "": {
      "name": "case2",
      "version": "1.0.0",
      "license": "ISC",
      "devDependencies": {
        "prettier-plugin-tailwindcss": "^0.1.8"
      }
    },
    "node_modules/prettier": {
      "version": "2.6.1",
      "resolved": "https://registry.npmjs.org/prettier/-/prettier-2.6.1.tgz",
      "integrity": "sha512-8UVbTBYGwN37Bs9LERmxCPjdvPxlEowx2urIL6urHzdb3SDq4B/Z6xLFCblrSnE4iKWcS6ziJ3aOYrc1kz/E2A==",
      "dev": true,
      "peer": true,
      "bin": {
        "prettier": "bin-prettier.js"
      },
      "engines": {
        "node": ">=10.13.0"
      },
      "funding": {
        "url": "https://github.com/prettier/prettier?sponsor=1"
      }
    },
    "node_modules/prettier-plugin-tailwindcss": {
      "version": "0.1.8",
      "resolved": "https://registry.npmjs.org/prettier-plugin-tailwindcss/-/prettier-plugin-tailwindcss-0.1.8.tgz",
      "integrity": "sha512-hwarSBCswAXa+kqYtaAkFr3Vop9o04WOyZs0qo3NyvW8L7f1rif61wRyq0+ArmVThOuRBcJF5hjGXYk86cwemg==",
      "dev": true,
      "engines": {
        "node": ">=12.17.0"
      },
      "peerDependencies": {
        "prettier": ">=2.2.0"
      }
    }
  },
  "dependencies": {
    "prettier": {
      "version": "2.6.1",
      "resolved": "https://registry.npmjs.org/prettier/-/prettier-2.6.1.tgz",
      "integrity": "sha512-8UVbTBYGwN37Bs9LERmxCPjdvPxlEowx2urIL6urHzdb3SDq4B/Z6xLFCblrSnE4iKWcS6ziJ3aOYrc1kz/E2A==",
      "dev": true,
      "peer": true
    },
    "prettier-plugin-tailwindcss": {
      "version": "0.1.8",
      "resolved": "https://registry.npmjs.org/prettier-plugin-tailwindcss/-/prettier-plugin-tailwindcss-0.1.8.tgz",
      "integrity": "sha512-hwarSBCswAXa+kqYtaAkFr3Vop9o04WOyZs0qo3NyvW8L7f1rif61wRyq0+ArmVThOuRBcJF5hjGXYk86cwemg==",
      "dev": true,
      "requires": {}
    }
  }
}
